// !$*UTF8*$!
{
	archiveVersion = 1;
	classes = {
	};
	objectVersion = 56;
	objects = {

/* Begin PBXBuildFile section */
		397E7EFC2C6FE96A00226570 /* pomodoro_timer Watch App.app in Embed Watch Content */ = {isa = PBXBuildFile; fileRef = 397E7EFB2C6FE96A00226570 /* pomodoro_timer Watch App.app */; settings = {ATTRIBUTES = (RemoveHeadersOnCopy, ); }; };
		397E7F012C6FE96A00226570 /* pomodoro_timerApp.swift in Sources */ = {isa = PBXBuildFile; fileRef = 397E7F002C6FE96A00226570 /* pomodoro_timerApp.swift */; };
		397E7F032C6FE96A00226570 /* ContentView.swift in Sources */ = {isa = PBXBuildFile; fileRef = 397E7F022C6FE96A00226570 /* ContentView.swift */; };
		397E7F052C6FE96C00226570 /* Assets.xcassets in Resources */ = {isa = PBXBuildFile; fileRef = 397E7F042C6FE96C00226570 /* Assets.xcassets */; };
		397E7F082C6FE96C00226570 /* Preview Assets.xcassets in Resources */ = {isa = PBXBuildFile; fileRef = 397E7F072C6FE96C00226570 /* Preview Assets.xcassets */; };
		397E7F122C6FE96D00226570 /* pomodoro_timer_Watch_AppTests.swift in Sources */ = {isa = PBXBuildFile; fileRef = 397E7F112C6FE96D00226570 /* pomodoro_timer_Watch_AppTests.swift */; };
		397E7F1C2C6FE96D00226570 /* pomodoro_timer_Watch_AppUITests.swift in Sources */ = {isa = PBXBuildFile; fileRef = 397E7F1B2C6FE96D00226570 /* pomodoro_timer_Watch_AppUITests.swift */; };
		397E7F1E2C6FE96D00226570 /* pomodoro_timer_Watch_AppUITestsLaunchTests.swift in Sources */ = {isa = PBXBuildFile; fileRef = 397E7F1D2C6FE96D00226570 /* pomodoro_timer_Watch_AppUITestsLaunchTests.swift */; };
		397E7F2F2C701B0E00226570 /* PomodoroTimer.swift in Sources */ = {isa = PBXBuildFile; fileRef = 397E7F2E2C701B0E00226570 /* PomodoroTimer.swift */; };
		397E7F332C701C1900226570 /* TimerViewModel.swift in Sources */ = {isa = PBXBuildFile; fileRef = 397E7F322C701C1900226570 /* TimerViewModel.swift */; };
/* End PBXBuildFile section */

/* Begin PBXContainerItemProxy section */
		397E7EFD2C6FE96A00226570 /* PBXContainerItemProxy */ = {
			isa = PBXContainerItemProxy;
			containerPortal = 397E7EEF2C6FE96A00226570 /* Project object */;
			proxyType = 1;
			remoteGlobalIDString = 397E7EFA2C6FE96A00226570;
			remoteInfo = "pomodoro_timer Watch App";
		};
		397E7F0E2C6FE96D00226570 /* PBXContainerItemProxy */ = {
			isa = PBXContainerItemProxy;
			containerPortal = 397E7EEF2C6FE96A00226570 /* Project object */;
			proxyType = 1;
			remoteGlobalIDString = 397E7EFA2C6FE96A00226570;
			remoteInfo = "pomodoro_timer Watch App";
		};
		397E7F182C6FE96D00226570 /* PBXContainerItemProxy */ = {
			isa = PBXContainerItemProxy;
			containerPortal = 397E7EEF2C6FE96A00226570 /* Project object */;
			proxyType = 1;
			remoteGlobalIDString = 397E7EFA2C6FE96A00226570;
			remoteInfo = "pomodoro_timer Watch App";
		};
/* End PBXContainerItemProxy section */

/* Begin PBXCopyFilesBuildPhase section */
		397E7F242C6FE96D00226570 /* Embed Watch Content */ = {
			isa = PBXCopyFilesBuildPhase;
			buildActionMask = 2147483647;
			dstPath = "$(CONTENTS_FOLDER_PATH)/Watch";
			dstSubfolderSpec = 16;
			files = (
				397E7EFC2C6FE96A00226570 /* pomodoro_timer Watch App.app in Embed Watch Content */,
			);
			name = "Embed Watch Content";
			runOnlyForDeploymentPostprocessing = 0;
		};
/* End PBXCopyFilesBuildPhase section */

/* Begin PBXFileReference section */
		397E7EF52C6FE96A00226570 /* pomodoro_timer.app */ = {isa = PBXFileReference; explicitFileType = wrapper.application; includeInIndex = 0; path = pomodoro_timer.app; sourceTree = BUILT_PRODUCTS_DIR; };
		397E7EFB2C6FE96A00226570 /* pomodoro_timer Watch App.app */ = {isa = PBXFileReference; explicitFileType = wrapper.application; includeInIndex = 0; path = "pomodoro_timer Watch App.app"; sourceTree = BUILT_PRODUCTS_DIR; };
		397E7F002C6FE96A00226570 /* pomodoro_timerApp.swift */ = {isa = PBXFileReference; lastKnownFileType = sourcecode.swift; path = pomodoro_timerApp.swift; sourceTree = "<group>"; };
		397E7F022C6FE96A00226570 /* ContentView.swift */ = {isa = PBXFileReference; lastKnownFileType = sourcecode.swift; path = ContentView.swift; sourceTree = "<group>"; };
		397E7F042C6FE96C00226570 /* Assets.xcassets */ = {isa = PBXFileReference; lastKnownFileType = folder.assetcatalog; path = Assets.xcassets; sourceTree = "<group>"; };
		397E7F072C6FE96C00226570 /* Preview Assets.xcassets */ = {isa = PBXFileReference; lastKnownFileType = folder.assetcatalog; path = "Preview Assets.xcassets"; sourceTree = "<group>"; };
		397E7F0D2C6FE96D00226570 /* pomodoro_timer Watch AppTests.xctest */ = {isa = PBXFileReference; explicitFileType = wrapper.cfbundle; includeInIndex = 0; path = "pomodoro_timer Watch AppTests.xctest"; sourceTree = BUILT_PRODUCTS_DIR; };
		397E7F112C6FE96D00226570 /* pomodoro_timer_Watch_AppTests.swift */ = {isa = PBXFileReference; lastKnownFileType = sourcecode.swift; path = pomodoro_timer_Watch_AppTests.swift; sourceTree = "<group>"; };
		397E7F172C6FE96D00226570 /* pomodoro_timer Watch AppUITests.xctest */ = {isa = PBXFileReference; explicitFileType = wrapper.cfbundle; includeInIndex = 0; path = "pomodoro_timer Watch AppUITests.xctest"; sourceTree = BUILT_PRODUCTS_DIR; };
		397E7F1B2C6FE96D00226570 /* pomodoro_timer_Watch_AppUITests.swift */ = {isa = PBXFileReference; lastKnownFileType = sourcecode.swift; path = pomodoro_timer_Watch_AppUITests.swift; sourceTree = "<group>"; };
		397E7F1D2C6FE96D00226570 /* pomodoro_timer_Watch_AppUITestsLaunchTests.swift */ = {isa = PBXFileReference; lastKnownFileType = sourcecode.swift; path = pomodoro_timer_Watch_AppUITestsLaunchTests.swift; sourceTree = "<group>"; };
		397E7F2E2C701B0E00226570 /* PomodoroTimer.swift */ = {isa = PBXFileReference; lastKnownFileType = sourcecode.swift; path = PomodoroTimer.swift; sourceTree = "<group>"; };
		397E7F322C701C1900226570 /* TimerViewModel.swift */ = {isa = PBXFileReference; lastKnownFileType = sourcecode.swift; path = TimerViewModel.swift; sourceTree = "<group>"; };
/* End PBXFileReference section */

/* Begin PBXFrameworksBuildPhase section */
		397E7EF82C6FE96A00226570 /* Frameworks */ = {
			isa = PBXFrameworksBuildPhase;
			buildActionMask = 2147483647;
			files = (
			);
			runOnlyForDeploymentPostprocessing = 0;
		};
		397E7F0A2C6FE96D00226570 /* Frameworks */ = {
			isa = PBXFrameworksBuildPhase;
			buildActionMask = 2147483647;
			files = (
			);
			runOnlyForDeploymentPostprocessing = 0;
		};
		397E7F142C6FE96D00226570 /* Frameworks */ = {
			isa = PBXFrameworksBuildPhase;
			buildActionMask = 2147483647;
			files = (
			);
			runOnlyForDeploymentPostprocessing = 0;
		};
/* End PBXFrameworksBuildPhase section */

/* Begin PBXGroup section */
		397E7EEE2C6FE96A00226570 = {
			isa = PBXGroup;
			children = (
				397E7EFF2C6FE96A00226570 /* pomodoro_timer Watch App */,
				397E7F102C6FE96D00226570 /* pomodoro_timer Watch AppTests */,
				397E7F1A2C6FE96D00226570 /* pomodoro_timer Watch AppUITests */,
				397E7EF62C6FE96A00226570 /* Products */,
			);
			sourceTree = "<group>";
		};
		397E7EF62C6FE96A00226570 /* Products */ = {
			isa = PBXGroup;
			children = (
				397E7EF52C6FE96A00226570 /* pomodoro_timer.app */,
				397E7EFB2C6FE96A00226570 /* pomodoro_timer Watch App.app */,
				397E7F0D2C6FE96D00226570 /* pomodoro_timer Watch AppTests.xctest */,
				397E7F172C6FE96D00226570 /* pomodoro_timer Watch AppUITests.xctest */,
			);
			name = Products;
			sourceTree = "<group>";
		};
		397E7EFF2C6FE96A00226570 /* pomodoro_timer Watch App */ = {
			isa = PBXGroup;
			children = (
				397E7F002C6FE96A00226570 /* pomodoro_timerApp.swift */,
				397E7F022C6FE96A00226570 /* ContentView.swift */,
				397E7F2E2C701B0E00226570 /* PomodoroTimer.swift */,
				397E7F322C701C1900226570 /* TimerViewModel.swift */,
				397E7F042C6FE96C00226570 /* Assets.xcassets */,
				397E7F062C6FE96C00226570 /* Preview Content */,
			);
			path = "pomodoro_timer Watch App";
			sourceTree = "<group>";
		};
		397E7F062C6FE96C00226570 /* Preview Content */ = {
			isa = PBXGroup;
			children = (
				397E7F072C6FE96C00226570 /* Preview Assets.xcassets */,
			);
			path = "Preview Content";
			sourceTree = "<group>";
		};
		397E7F102C6FE96D00226570 /* pomodoro_timer Watch AppTests */ = {
			isa = PBXGroup;
			children = (
				397E7F112C6FE96D00226570 /* pomodoro_timer_Watch_AppTests.swift */,
			);
			path = "pomodoro_timer Watch AppTests";
			sourceTree = "<group>";
		};
		397E7F1A2C6FE96D00226570 /* pomodoro_timer Watch AppUITests */ = {
			isa = PBXGroup;
			children = (
				397E7F1B2C6FE96D00226570 /* pomodoro_timer_Watch_AppUITests.swift */,
				397E7F1D2C6FE96D00226570 /* pomodoro_timer_Watch_AppUITestsLaunchTests.swift */,
			);
			path = "pomodoro_timer Watch AppUITests";
			sourceTree = "<group>";
		};
/* End PBXGroup section */

/* Begin PBXNativeTarget section */
		397E7EF42C6FE96A00226570 /* pomodoro_timer */ = {
			isa = PBXNativeTarget;
			buildConfigurationList = 397E7F252C6FE96D00226570 /* Build configuration list for PBXNativeTarget "pomodoro_timer" */;
			buildPhases = (
				397E7EF32C6FE96A00226570 /* Resources */,
				397E7F242C6FE96D00226570 /* Embed Watch Content */,
			);
			buildRules = (
			);
			dependencies = (
				397E7EFE2C6FE96A00226570 /* PBXTargetDependency */,
			);
			name = pomodoro_timer;
			productName = pomodoro_timer;
			productReference = 397E7EF52C6FE96A00226570 /* pomodoro_timer.app */;
			productType = "com.apple.product-type.application.watchapp2-container";
		};
		397E7EFA2C6FE96A00226570 /* pomodoro_timer Watch App */ = {
			isa = PBXNativeTarget;
			buildConfigurationList = 397E7F212C6FE96D00226570 /* Build configuration list for PBXNativeTarget "pomodoro_timer Watch App" */;
			buildPhases = (
				397E7EF72C6FE96A00226570 /* Sources */,
				397E7EF82C6FE96A00226570 /* Frameworks */,
				397E7EF92C6FE96A00226570 /* Resources */,
			);
			buildRules = (
			);
			dependencies = (
			);
			name = "pomodoro_timer Watch App";
			productName = "pomodoro_timer Watch App";
			productReference = 397E7EFB2C6FE96A00226570 /* pomodoro_timer Watch App.app */;
			productType = "com.apple.product-type.application";
		};
		397E7F0C2C6FE96D00226570 /* pomodoro_timer Watch AppTests */ = {
			isa = PBXNativeTarget;
			buildConfigurationList = 397E7F282C6FE96D00226570 /* Build configuration list for PBXNativeTarget "pomodoro_timer Watch AppTests" */;
			buildPhases = (
				397E7F092C6FE96D00226570 /* Sources */,
				397E7F0A2C6FE96D00226570 /* Frameworks */,
				397E7F0B2C6FE96D00226570 /* Resources */,
			);
			buildRules = (
			);
			dependencies = (
				397E7F0F2C6FE96D00226570 /* PBXTargetDependency */,
			);
			name = "pomodoro_timer Watch AppTests";
			productName = "pomodoro_timer Watch AppTests";
			productReference = 397E7F0D2C6FE96D00226570 /* pomodoro_timer Watch AppTests.xctest */;
			productType = "com.apple.product-type.bundle.unit-test";
		};
		397E7F162C6FE96D00226570 /* pomodoro_timer Watch AppUITests */ = {
			isa = PBXNativeTarget;
			buildConfigurationList = 397E7F2B2C6FE96D00226570 /* Build configuration list for PBXNativeTarget "pomodoro_timer Watch AppUITests" */;
			buildPhases = (
				397E7F132C6FE96D00226570 /* Sources */,
				397E7F142C6FE96D00226570 /* Frameworks */,
				397E7F152C6FE96D00226570 /* Resources */,
			);
			buildRules = (
			);
			dependencies = (
				397E7F192C6FE96D00226570 /* PBXTargetDependency */,
			);
			name = "pomodoro_timer Watch AppUITests";
			productName = "pomodoro_timer Watch AppUITests";
			productReference = 397E7F172C6FE96D00226570 /* pomodoro_timer Watch AppUITests.xctest */;
			productType = "com.apple.product-type.bundle.ui-testing";
		};
/* End PBXNativeTarget section */

/* Begin PBXProject section */
		397E7EEF2C6FE96A00226570 /* Project object */ = {
			isa = PBXProject;
			attributes = {
				BuildIndependentTargetsInParallel = 1;
				LastSwiftUpdateCheck = 1540;
				LastUpgradeCheck = 1540;
				TargetAttributes = {
					397E7EF42C6FE96A00226570 = {
						CreatedOnToolsVersion = 15.4;
					};
					397E7EFA2C6FE96A00226570 = {
						CreatedOnToolsVersion = 15.4;
					};
					397E7F0C2C6FE96D00226570 = {
						CreatedOnToolsVersion = 15.4;
						TestTargetID = 397E7EFA2C6FE96A00226570;
					};
					397E7F162C6FE96D00226570 = {
						CreatedOnToolsVersion = 15.4;
						TestTargetID = 397E7EFA2C6FE96A00226570;
					};
				};
			};
			buildConfigurationList = 397E7EF22C6FE96A00226570 /* Build configuration list for PBXProject "pomodoro_timer" */;
			compatibilityVersion = "Xcode 14.0";
			developmentRegion = en;
			hasScannedForEncodings = 0;
			knownRegions = (
				en,
				Base,
			);
			mainGroup = 397E7EEE2C6FE96A00226570;
			productRefGroup = 397E7EF62C6FE96A00226570 /* Products */;
			projectDirPath = "";
			projectRoot = "";
			targets = (
				397E7EF42C6FE96A00226570 /* pomodoro_timer */,
				397E7EFA2C6FE96A00226570 /* pomodoro_timer Watch App */,
				397E7F0C2C6FE96D00226570 /* pomodoro_timer Watch AppTests */,
				397E7F162C6FE96D00226570 /* pomodoro_timer Watch AppUITests */,
			);
		};
/* End PBXProject section */

/* Begin PBXResourcesBuildPhase section */
		397E7EF32C6FE96A00226570 /* Resources */ = {
			isa = PBXResourcesBuildPhase;
			buildActionMask = 2147483647;
			files = (
			);
			runOnlyForDeploymentPostprocessing = 0;
		};
		397E7EF92C6FE96A00226570 /* Resources */ = {
			isa = PBXResourcesBuildPhase;
			buildActionMask = 2147483647;
			files = (
				397E7F082C6FE96C00226570 /* Preview Assets.xcassets in Resources */,
				397E7F052C6FE96C00226570 /* Assets.xcassets in Resources */,
			);
			runOnlyForDeploymentPostprocessing = 0;
		};
		397E7F0B2C6FE96D00226570 /* Resources */ = {
			isa = PBXResourcesBuildPhase;
			buildActionMask = 2147483647;
			files = (
			);
			runOnlyForDeploymentPostprocessing = 0;
		};
		397E7F152C6FE96D00226570 /* Resources */ = {
			isa = PBXResourcesBuildPhase;
			buildActionMask = 2147483647;
			files = (
			);
			runOnlyForDeploymentPostprocessing = 0;
		};
/* End PBXResourcesBuildPhase section */

/* Begin PBXSourcesBuildPhase section */
		397E7EF72C6FE96A00226570 /* Sources */ = {
			isa = PBXSourcesBuildPhase;
			buildActionMask = 2147483647;
			files = (
				397E7F332C701C1900226570 /* TimerViewModel.swift in Sources */,
				397E7F032C6FE96A00226570 /* ContentView.swift in Sources */,
				397E7F012C6FE96A00226570 /* pomodoro_timerApp.swift in Sources */,
				397E7F2F2C701B0E00226570 /* PomodoroTimer.swift in Sources */,
			);
			runOnlyForDeploymentPostprocessing = 0;
		};
		397E7F092C6FE96D00226570 /* Sources */ = {
			isa = PBXSourcesBuildPhase;
			buildActionMask = 2147483647;
			files = (
				397E7F122C6FE96D00226570 /* pomodoro_timer_Watch_AppTests.swift in Sources */,
			);
			runOnlyForDeploymentPostprocessing = 0;
		};
		397E7F132C6FE96D00226570 /* Sources */ = {
			isa = PBXSourcesBuildPhase;
			buildActionMask = 2147483647;
			files = (
				397E7F1C2C6FE96D00226570 /* pomodoro_timer_Watch_AppUITests.swift in Sources */,
				397E7F1E2C6FE96D00226570 /* pomodoro_timer_Watch_AppUITestsLaunchTests.swift in Sources */,
			);
			runOnlyForDeploymentPostprocessing = 0;
		};
/* End PBXSourcesBuildPhase section */

/* Begin PBXTargetDependency section */
		397E7EFE2C6FE96A00226570 /* PBXTargetDependency */ = {
			isa = PBXTargetDependency;
			target = 397E7EFA2C6FE96A00226570 /* pomodoro_timer Watch App */;
			targetProxy = 397E7EFD2C6FE96A00226570 /* PBXContainerItemProxy */;
		};
		397E7F0F2C6FE96D00226570 /* PBXTargetDependency */ = {
			isa = PBXTargetDependency;
			target = 397E7EFA2C6FE96A00226570 /* pomodoro_timer Watch App */;
			targetProxy = 397E7F0E2C6FE96D00226570 /* PBXContainerItemProxy */;
		};
		397E7F192C6FE96D00226570 /* PBXTargetDependency */ = {
			isa = PBXTargetDependency;
			target = 397E7EFA2C6FE96A00226570 /* pomodoro_timer Watch App */;
			targetProxy = 397E7F182C6FE96D00226570 /* PBXContainerItemProxy */;
		};
/* End PBXTargetDependency section */

/* Begin XCBuildConfiguration section */
		397E7F1F2C6FE96D00226570 /* Debug */ = {
			isa = XCBuildConfiguration;
			buildSettings = {
				ALWAYS_SEARCH_USER_PATHS = NO;
				ASSETCATALOG_COMPILER_GENERATE_SWIFT_ASSET_SYMBOL_EXTENSIONS = YES;
				CLANG_ANALYZER_NONNULL = YES;
				CLANG_ANALYZER_NUMBER_OBJECT_CONVERSION = YES_AGGRESSIVE;
				CLANG_CXX_LANGUAGE_STANDARD = "gnu++20";
				CLANG_ENABLE_MODULES = YES;
				CLANG_ENABLE_OBJC_ARC = YES;
				CLANG_ENABLE_OBJC_WEAK = YES;
				CLANG_WARN_BLOCK_CAPTURE_AUTORELEASING = YES;
				CLANG_WARN_BOOL_CONVERSION = YES;
				CLANG_WARN_COMMA = YES;
				CLANG_WARN_CONSTANT_CONVERSION = YES;
				CLANG_WARN_DEPRECATED_OBJC_IMPLEMENTATIONS = YES;
				CLANG_WARN_DIRECT_OBJC_ISA_USAGE = YES_ERROR;
				CLANG_WARN_DOCUMENTATION_COMMENTS = YES;
				CLANG_WARN_EMPTY_BODY = YES;
				CLANG_WARN_ENUM_CONVERSION = YES;
				CLANG_WARN_INFINITE_RECURSION = YES;
				CLANG_WARN_INT_CONVERSION = YES;
				CLANG_WARN_NON_LITERAL_NULL_CONVERSION = YES;
				CLANG_WARN_OBJC_IMPLICIT_RETAIN_SELF = YES;
				CLANG_WARN_OBJC_LITERAL_CONVERSION = YES;
				CLANG_WARN_OBJC_ROOT_CLASS = YES_ERROR;
				CLANG_WARN_QUOTED_INCLUDE_IN_FRAMEWORK_HEADER = YES;
				CLANG_WARN_RANGE_LOOP_ANALYSIS = YES;
				CLANG_WARN_STRICT_PROTOTYPES = YES;
				CLANG_WARN_SUSPICIOUS_MOVE = YES;
				CLANG_WARN_UNGUARDED_AVAILABILITY = YES_AGGRESSIVE;
				CLANG_WARN_UNREACHABLE_CODE = YES;
				CLANG_WARN__DUPLICATE_METHOD_MATCH = YES;
				COPY_PHASE_STRIP = NO;
				DEBUG_INFORMATION_FORMAT = dwarf;
				ENABLE_STRICT_OBJC_MSGSEND = YES;
				ENABLE_TESTABILITY = YES;
				ENABLE_USER_SCRIPT_SANDBOXING = YES;
				GCC_C_LANGUAGE_STANDARD = gnu17;
				GCC_DYNAMIC_NO_PIC = NO;
				GCC_NO_COMMON_BLOCKS = YES;
				GCC_OPTIMIZATION_LEVEL = 0;
				GCC_PREPROCESSOR_DEFINITIONS = (
					"DEBUG=1",
					"$(inherited)",
				);
				GCC_WARN_64_TO_32_BIT_CONVERSION = YES;
				GCC_WARN_ABOUT_RETURN_TYPE = YES_ERROR;
				GCC_WARN_UNDECLARED_SELECTOR = YES;
				GCC_WARN_UNINITIALIZED_AUTOS = YES_AGGRESSIVE;
				GCC_WARN_UNUSED_FUNCTION = YES;
				GCC_WARN_UNUSED_VARIABLE = YES;
				LOCALIZATION_PREFERS_STRING_CATALOGS = YES;
				MTL_ENABLE_DEBUG_INFO = INCLUDE_SOURCE;
				MTL_FAST_MATH = YES;
				ONLY_ACTIVE_ARCH = YES;
				SWIFT_ACTIVE_COMPILATION_CONDITIONS = "DEBUG $(inherited)";
				SWIFT_OPTIMIZATION_LEVEL = "-Onone";
			};
			name = Debug;
		};
		397E7F202C6FE96D00226570 /* Release */ = {
			isa = XCBuildConfiguration;
			buildSettings = {
				ALWAYS_SEARCH_USER_PATHS = NO;
				ASSETCATALOG_COMPILER_GENERATE_SWIFT_ASSET_SYMBOL_EXTENSIONS = YES;
				CLANG_ANALYZER_NONNULL = YES;
				CLANG_ANALYZER_NUMBER_OBJECT_CONVERSION = YES_AGGRESSIVE;
				CLANG_CXX_LANGUAGE_STANDARD = "gnu++20";
				CLANG_ENABLE_MODULES = YES;
				CLANG_ENABLE_OBJC_ARC = YES;
				CLANG_ENABLE_OBJC_WEAK = YES;
				CLANG_WARN_BLOCK_CAPTURE_AUTORELEASING = YES;
				CLANG_WARN_BOOL_CONVERSION = YES;
				CLANG_WARN_COMMA = YES;
				CLANG_WARN_CONSTANT_CONVERSION = YES;
				CLANG_WARN_DEPRECATED_OBJC_IMPLEMENTATIONS = YES;
				CLANG_WARN_DIRECT_OBJC_ISA_USAGE = YES_ERROR;
				CLANG_WARN_DOCUMENTATION_COMMENTS = YES;
				CLANG_WARN_EMPTY_BODY = YES;
				CLANG_WARN_ENUM_CONVERSION = YES;
				CLANG_WARN_INFINITE_RECURSION = YES;
				CLANG_WARN_INT_CONVERSION = YES;
				CLANG_WARN_NON_LITERAL_NULL_CONVERSION = YES;
				CLANG_WARN_OBJC_IMPLICIT_RETAIN_SELF = YES;
				CLANG_WARN_OBJC_LITERAL_CONVERSION = YES;
				CLANG_WARN_OBJC_ROOT_CLASS = YES_ERROR;
				CLANG_WARN_QUOTED_INCLUDE_IN_FRAMEWORK_HEADER = YES;
				CLANG_WARN_RANGE_LOOP_ANALYSIS = YES;
				CLANG_WARN_STRICT_PROTOTYPES = YES;
				CLANG_WARN_SUSPICIOUS_MOVE = YES;
				CLANG_WARN_UNGUARDED_AVAILABILITY = YES_AGGRESSIVE;
				CLANG_WARN_UNREACHABLE_CODE = YES;
				CLANG_WARN__DUPLICATE_METHOD_MATCH = YES;
				COPY_PHASE_STRIP = NO;
				DEBUG_INFORMATION_FORMAT = "dwarf-with-dsym";
				ENABLE_NS_ASSERTIONS = NO;
				ENABLE_STRICT_OBJC_MSGSEND = YES;
				ENABLE_USER_SCRIPT_SANDBOXING = YES;
				GCC_C_LANGUAGE_STANDARD = gnu17;
				GCC_NO_COMMON_BLOCKS = YES;
				GCC_WARN_64_TO_32_BIT_CONVERSION = YES;
				GCC_WARN_ABOUT_RETURN_TYPE = YES_ERROR;
				GCC_WARN_UNDECLARED_SELECTOR = YES;
				GCC_WARN_UNINITIALIZED_AUTOS = YES_AGGRESSIVE;
				GCC_WARN_UNUSED_FUNCTION = YES;
				GCC_WARN_UNUSED_VARIABLE = YES;
				LOCALIZATION_PREFERS_STRING_CATALOGS = YES;
				MTL_ENABLE_DEBUG_INFO = NO;
				MTL_FAST_MATH = YES;
				SWIFT_COMPILATION_MODE = wholemodule;
			};
			name = Release;
		};
		397E7F222C6FE96D00226570 /* Debug */ = {
			isa = XCBuildConfiguration;
			buildSettings = {
				ASSETCATALOG_COMPILER_APPICON_NAME = AppIcon;
				ASSETCATALOG_COMPILER_GLOBAL_ACCENT_COLOR_NAME = AccentColor;
				CODE_SIGN_STYLE = Automatic;
				CURRENT_PROJECT_VERSION = 1;
				DEVELOPMENT_ASSET_PATHS = "\"pomodoro_timer Watch App/Preview Content\"";
				DEVELOPMENT_TEAM = 639434M683;
				ENABLE_PREVIEWS = YES;
				GENERATE_INFOPLIST_FILE = YES;
				INFOPLIST_KEY_CFBundleDisplayName = pomodoro_timer;
				INFOPLIST_KEY_UISupportedInterfaceOrientations = "UIInterfaceOrientationPortrait UIInterfaceOrientationPortraitUpsideDown";
				INFOPLIST_KEY_WKWatchOnly = YES;
				LD_RUNPATH_SEARCH_PATHS = (
					"$(inherited)",
					"@executable_path/Frameworks",
				);
				MARKETING_VERSION = 1.0;
				PRODUCT_BUNDLE_IDENTIFIER = "chloecrozier.pomodoro-timer.watchkitapp";
				PRODUCT_NAME = "$(TARGET_NAME)";
				SDKROOT = watchos;
				SKIP_INSTALL = YES;
				SWIFT_EMIT_LOC_STRINGS = YES;
				SWIFT_VERSION = 5.0;
				TARGETED_DEVICE_FAMILY = 4;
				WATCHOS_DEPLOYMENT_TARGET = 10.5;
			};
			name = Debug;
		};
		397E7F232C6FE96D00226570 /* Release */ = {
			isa = XCBuildConfiguration;
			buildSettings = {
				ASSETCATALOG_COMPILER_APPICON_NAME = AppIcon;
				ASSETCATALOG_COMPILER_GLOBAL_ACCENT_COLOR_NAME = AccentColor;
				CODE_SIGN_STYLE = Automatic;
				CURRENT_PROJECT_VERSION = 1;
				DEVELOPMENT_ASSET_PATHS = "\"pomodoro_timer Watch App/Preview Content\"";
				DEVELOPMENT_TEAM = 639434M683;
				ENABLE_PREVIEWS = YES;
				GENERATE_INFOPLIST_FILE = YES;
				INFOPLIST_KEY_CFBundleDisplayName = pomodoro_timer;
				INFOPLIST_KEY_UISupportedInterfaceOrientations = "UIInterfaceOrientationPortrait UIInterfaceOrientationPortraitUpsideDown";
				INFOPLIST_KEY_WKWatchOnly = YES;
				LD_RUNPATH_SEARCH_PATHS = (
					"$(inherited)",
					"@executable_path/Frameworks",
				);
				MARKETING_VERSION = 1.0;
				PRODUCT_BUNDLE_IDENTIFIER = "chloecrozier.pomodoro-timer.watchkitapp";
				PRODUCT_NAME = "$(TARGET_NAME)";
				SDKROOT = watchos;
				SKIP_INSTALL = YES;
				SWIFT_EMIT_LOC_STRINGS = YES;
				SWIFT_VERSION = 5.0;
				TARGETED_DEVICE_FAMILY = 4;
				VALIDATE_PRODUCT = YES;
				WATCHOS_DEPLOYMENT_TARGET = 10.5;
			};
			name = Release;
		};
		397E7F262C6FE96D00226570 /* Debug */ = {
			isa = XCBuildConfiguration;
			buildSettings = {
				ALWAYS_EMBED_SWIFT_STANDARD_LIBRARIES = YES;
				CODE_SIGN_STYLE = Automatic;
				CURRENT_PROJECT_VERSION = 1;
				DEVELOPMENT_TEAM = 639434M683;
				INFOPLIST_KEY_CFBundleDisplayName = pomodoro_timer;
				MARKETING_VERSION = 1.0;
				PRODUCT_BUNDLE_IDENTIFIER = "chloecrozier.pomodoro-timer";
				PRODUCT_NAME = "$(TARGET_NAME)";
				SDKROOT = iphoneos;
				SWIFT_VERSION = 5.0;
			};
			name = Debug;
		};
		397E7F272C6FE96D00226570 /* Release */ = {
			isa = XCBuildConfiguration;
			buildSettings = {
				ALWAYS_EMBED_SWIFT_STANDARD_LIBRARIES = YES;
				CODE_SIGN_STYLE = Automatic;
				CURRENT_PROJECT_VERSION = 1;
				DEVELOPMENT_TEAM = 639434M683;
				INFOPLIST_KEY_CFBundleDisplayName = pomodoro_timer;
				MARKETING_VERSION = 1.0;
				PRODUCT_BUNDLE_IDENTIFIER = "chloecrozier.pomodoro-timer";
				PRODUCT_NAME = "$(TARGET_NAME)";
				SDKROOT = iphoneos;
				SWIFT_VERSION = 5.0;
				VALIDATE_PRODUCT = YES;
			};
			name = Release;
		};
		397E7F292C6FE96D00226570 /* Debug */ = {
			isa = XCBuildConfiguration;
			buildSettings = {
				ALWAYS_EMBED_SWIFT_STANDARD_LIBRARIES = YES;
				BUNDLE_LOADER = "$(TEST_HOST)";
				CODE_SIGN_STYLE = Automatic;
				CURRENT_PROJECT_VERSION = 1;
				DEVELOPMENT_TEAM = 639434M683;
				GENERATE_INFOPLIST_FILE = YES;
				MARKETING_VERSION = 1.0;
				PRODUCT_BUNDLE_IDENTIFIER = "chloecrozier.pomodoro-timer-Watch-AppTests";
				PRODUCT_NAME = "$(TARGET_NAME)";
				SDKROOT = watchos;
				SWIFT_EMIT_LOC_STRINGS = NO;
				SWIFT_VERSION = 5.0;
				TARGETED_DEVICE_FAMILY = 4;
				TEST_HOST = "$(BUILT_PRODUCTS_DIR)/pomodoro_timer Watch App.app/$(BUNDLE_EXECUTABLE_FOLDER_PATH)/pomodoro_timer Watch App";
				WATCHOS_DEPLOYMENT_TARGET = 10.5;
			};
			name = Debug;
		};
		397E7F2A2C6FE96D00226570 /* Release */ = {
			isa = XCBuildConfiguration;
			buildSettings = {
				ALWAYS_EMBED_SWIFT_STANDARD_LIBRARIES = YES;
				BUNDLE_LOADER = "$(TEST_HOST)";
				CODE_SIGN_STYLE = Automatic;
				CURRENT_PROJECT_VERSION = 1;
				DEVELOPMENT_TEAM = 639434M683;
				GENERATE_INFOPLIST_FILE = YES;
				MARKETING_VERSION = 1.0;
				PRODUCT_BUNDLE_IDENTIFIER = "chloecrozier.pomodoro-timer-Watch-AppTests";
				PRODUCT_NAME = "$(TARGET_NAME)";
				SDKROOT = watchos;
				SWIFT_EMIT_LOC_STRINGS = NO;
				SWIFT_VERSION = 5.0;
				TARGETED_DEVICE_FAMILY = 4;
				TEST_HOST = "$(BUILT_PRODUCTS_DIR)/pomodoro_timer Watch App.app/$(BUNDLE_EXECUTABLE_FOLDER_PATH)/pomodoro_timer Watch App";
				VALIDATE_PRODUCT = YES;
				WATCHOS_DEPLOYMENT_TARGET = 10.5;
			};
			name = Release;
		};
		397E7F2C2C6FE96D00226570 /* Debug */ = {
			isa = XCBuildConfiguration;
			buildSettings = {
				ALWAYS_EMBED_SWIFT_STANDARD_LIBRARIES = YES;
				CODE_SIGN_STYLE = Automatic;
				CURRENT_PROJECT_VERSION = 1;
				DEVELOPMENT_TEAM = 639434M683;
				GENERATE_INFOPLIST_FILE = YES;
				MARKETING_VERSION = 1.0;
				PRODUCT_BUNDLE_IDENTIFIER = "chloecrozier.pomodoro-timer-Watch-AppUITests";
				PRODUCT_NAME = "$(TARGET_NAME)";
				SDKROOT = watchos;
				SWIFT_EMIT_LOC_STRINGS = NO;
				SWIFT_VERSION = 5.0;
				TARGETED_DEVICE_FAMILY = 4;
				TEST_TARGET_NAME = "pomodoro_timer Watch App";
				WATCHOS_DEPLOYMENT_TARGET = 10.5;
			};
			name = Debug;
		};
		397E7F2D2C6FE96D00226570 /* Release */ = {
			isa = XCBuildConfiguration;
			buildSettings = {
				ALWAYS_EMBED_SWIFT_STANDARD_LIBRARIES = YES;
				CODE_SIGN_STYLE = Automatic;
				CURRENT_PROJECT_VERSION = 1;
				DEVELOPMENT_TEAM = 639434M683;
				GENERATE_INFOPLIST_FILE = YES;
				MARKETING_VERSION = 1.0;
				PRODUCT_BUNDLE_IDENTIFIER = "chloecrozier.pomodoro-timer-Watch-AppUITests";
				PRODUCT_NAME = "$(TARGET_NAME)";
				SDKROOT = watchos;
				SWIFT_EMIT_LOC_STRINGS = NO;
				SWIFT_VERSION = 5.0;
				TARGETED_DEVICE_FAMILY = 4;
				TEST_TARGET_NAME = "pomodoro_timer Watch App";
				VALIDATE_PRODUCT = YES;
				WATCHOS_DEPLOYMENT_TARGET = 10.5;
			};
			name = Release;
		};
/* End XCBuildConfiguration section */

/* Begin XCConfigurationList section */
		397E7EF22C6FE96A00226570 /* Build configuration list for PBXProject "pomodoro_timer" */ = {
			isa = XCConfigurationList;
			buildConfigurations = (
				397E7F1F2C6FE96D00226570 /* Debug */,
				397E7F202C6FE96D00226570 /* Release */,
			);
			defaultConfigurationIsVisible = 0;
			defaultConfigurationName = Release;
		};
		397E7F212C6FE96D00226570 /* Build configuration list for PBXNativeTarget "pomodoro_timer Watch App" */ = {
			isa = XCConfigurationList;
			buildConfigurations = (
				397E7F222C6FE96D00226570 /* Debug */,
				397E7F232C6FE96D00226570 /* Release */,
			);
			defaultConfigurationIsVisible = 0;
			defaultConfigurationName = Release;
		};
		397E7F252C6FE96D00226570 /* Build configuration list for PBXNativeTarget "pomodoro_timer" */ = {
			isa = XCConfigurationList;
			buildConfigurations = (
				397E7F262C6FE96D00226570 /* Debug */,
				397E7F272C6FE96D00226570 /* Release */,
			);
			defaultConfigurationIsVisible = 0;
			defaultConfigurationName = Release;
		};
		397E7F282C6FE96D00226570 /* Build configuration list for PBXNativeTarget "pomodoro_timer Watch AppTests" */ = {
			isa = XCConfigurationList;
			buildConfigurations = (
				397E7F292C6FE96D00226570 /* Debug */,
				397E7F2A2C6FE96D00226570 /* Release */,
			);
			defaultConfigurationIsVisible = 0;
			defaultConfigurationName = Release;
		};
		397E7F2B2C6FE96D00226570 /* Build configuration list for PBXNativeTarget "pomodoro_timer Watch AppUITests" */ = {
			isa = XCConfigurationList;
			buildConfigurations = (
				397E7F2C2C6FE96D00226570 /* Debug */,
				397E7F2D2C6FE96D00226570 /* Release */,
			);
			defaultConfigurationIsVisible = 0;
			defaultConfigurationName = Release;
		};
/* End XCConfigurationList section */
	};
	rootObject = 397E7EEF2C6FE96A00226570 /* Project object */;
}
